<?xml version="1.0" encoding="utf-8"?>
<Project ToolsVersion="4.0" xmlns="http://schemas.microsoft.com/developer/msbuild/2003">
  <ItemGroup>
    <Filter Include="Source Files">
      <UniqueIdentifier>{4FC737F1-C7A5-4376-A066-2A32D752A2FF}</UniqueIdentifier>
      <Extensions>cpp;c;cxx;def;odl;idl;hpj;bat;asm;asmx</Extensions>
    </Filter>
  </ItemGroup>
  <ItemGroup>
    <ClCompile Include="00-nanosense.cpp">
      <Filter>Source Files</Filter>
    </ClCompile>
    <ClCompile Include="NanoSense.cpp">
      <Filter>Source Files</Filter>
    </ClCompile>
    <ClCompile Include="NanoSound.cpp">
      <Filter>Source Files</Filter>
    </ClCompile>
    <ClCompile Include="NanoTouch.cpp">
      <Filter>Source Files</Filter>
    </ClCompile>
  </ItemGroup>
  <ItemGroup>
    <ClInclude Include="NanoSense.h" />
    <ClInclude Include="NanoSound.h" />
    <ClInclude Include="NanoTouch.h" />
    <ClInclude Include="resource.h" />
  </ItemGroup>
  <ItemGroup>
    <None Include="ClassDiagram.cd" />
  </ItemGroup>
  <ItemGroup>
    <Media Include="drill.wav" />
  </ItemGroup>
  <ItemGroup>
    <ResourceCompile Include="00-nanosense-01.rc" />
  </ItemGroup>
</Project>